{
    "_readme": [
        "This file locks the dependencies of your project to a known state",
        "Read more about it at https://getcomposer.org/doc/01-basic-usage.md#installing-dependencies",
        "This file is @generated automatically"
    ],
    "content-hash": "bb0c477961fe11399dafffbe97abd485",
    "packages": [
        {
            "name": "bower-asset/mmenu",
            "version": "v9.3.0",
            "source": {
                "type": "git",
                "url": "https://github.com/FrDH/mmenu-js.git",
                "reference": "17bea9b633b3ae55b80b12a672c1f20215296c5c"
            },
            "dist": {
                "type": "zip",
                "url": "https://api.github.com/repos/FrDH/mmenu-js/zipball/17bea9b633b3ae55b80b12a672c1f20215296c5c",
                "reference": "17bea9b633b3ae55b80b12a672c1f20215296c5c"
            },
            "type": "bower-asset"
        }
    ],
    "packages-dev": [],
    "aliases": [],
    "minimum-stability": "stable",
    "stability-flags": [],
    "prefer-stable": false,
    "prefer-lowest": false,
    "platform": [],
    "platform-dev": [],
    "plugin-api-version": "2.6.0"
}
